// !$*UTF8*$!
{
	archiveVersion = 1;
	classes = {
	};
	objectVersion = 56;
	objects = {

/* Begin PBXBuildFile section */
		A10001010000000000000001 /* XiangqiApp.swift in Sources */ = {isa = PBXBuildFile; fileRef = A10002010000000000000001 /* XiangqiApp.swift */; };
		A10001020000000000000001 /* ContentView.swift in Sources */ = {isa = PBXBuildFile; fileRef = A10002020000000000000001 /* ContentView.swift */; };
		A10001030000000000000001 /* Position.swift in Sources */ = {isa = PBXBuildFile; fileRef = A10002030000000000000001 /* Position.swift */; };
		A10001040000000000000001 /* Piece.swift in Sources */ = {isa = PBXBuildFile; fileRef = A10002040000000000000001 /* Piece.swift */; };
		A10001050000000000000001 /* GameState.swift in Sources */ = {isa = PBXBuildFile; fileRef = A10002050000000000000001 /* GameState.swift */; };
		A10001060000000000000001 /* BoardView.swift in Sources */ = {isa = PBXBuildFile; fileRef = A10002060000000000000001 /* BoardView.swift */; };
		A10001070000000000000001 /* PieceView.swift in Sources */ = {isa = PBXBuildFile; fileRef = A10002070000000000000001 /* PieceView.swift */; };
		A10001080000000000000001 /* Assets.xcassets in Resources */ = {isa = PBXBuildFile; fileRef = A10002080000000000000001 /* Assets.xcassets */; };
		A10001090000000000000001 /* FENParser.swift in Sources */ = {isa = PBXBuildFile; fileRef = A10002110000000000000001 /* FENParser.swift */; };
		A10001100000000000000001 /* ChineseNotation.swift in Sources */ = {isa = PBXBuildFile; fileRef = A10002120000000000000001 /* ChineseNotation.swift */; };
		A10001110000000000000001 /* GameRecord.swift in Sources */ = {isa = PBXBuildFile; fileRef = A10002130000000000000001 /* GameRecord.swift */; };
		A10001120000000000000001 /* ReplayControlView.swift in Sources */ = {isa = PBXBuildFile; fileRef = A10002140000000000000001 /* ReplayControlView.swift */; };
		A10001130000000000000001 /* Puzzle.swift in Sources */ = {isa = PBXBuildFile; fileRef = A10002150000000000000001 /* Puzzle.swift */; };
		A10001140000000000000001 /* PuzzleView.swift in Sources */ = {isa = PBXBuildFile; fileRef = A10002160000000000000001 /* PuzzleView.swift */; };
/* End PBXBuildFile section */

/* Begin PBXFileReference section */
		A10002010000000000000001 /* XiangqiApp.swift */ = {isa = PBXFileReference; lastKnownFileType = sourcecode.swift; path = XiangqiApp.swift; sourceTree = "<group>"; };
		A10002020000000000000001 /* ContentView.swift */ = {isa = PBXFileReference; lastKnownFileType = sourcecode.swift; path = ContentView.swift; sourceTree = "<group>"; };
		A10002030000000000000001 /* Position.swift */ = {isa = PBXFileReference; lastKnownFileType = sourcecode.swift; path = Position.swift; sourceTree = "<group>"; };
		A10002040000000000000001 /* Piece.swift */ = {isa = PBXFileReference; lastKnownFileType = sourcecode.swift; path = Piece.swift; sourceTree = "<group>"; };
		A10002050000000000000001 /* GameState.swift */ = {isa = PBXFileReference; lastKnownFileType = sourcecode.swift; path = GameState.swift; sourceTree = "<group>"; };
		A10002060000000000000001 /* BoardView.swift */ = {isa = PBXFileReference; lastKnownFileType = sourcecode.swift; path = BoardView.swift; sourceTree = "<group>"; };
		A10002070000000000000001 /* PieceView.swift */ = {isa = PBXFileReference; lastKnownFileType = sourcecode.swift; path = PieceView.swift; sourceTree = "<group>"; };
		A10002080000000000000001 /* Assets.xcassets */ = {isa = PBXFileReference; lastKnownFileType = folder.assetcatalog; path = Assets.xcassets; sourceTree = "<group>"; };
		A10002090000000000000001 /* Xiangqi.entitlements */ = {isa = PBXFileReference; lastKnownFileType = text.plist.entitlements; path = Xiangqi.entitlements; sourceTree = "<group>"; };
		A10002100000000000000001 /* Xiangqi.app */ = {isa = PBXFileReference; explicitFileType = wrapper.application; includeInIndex = 0; path = Xiangqi.app; sourceTree = BUILT_PRODUCTS_DIR; };
		A10002110000000000000001 /* FENParser.swift */ = {isa = PBXFileReference; lastKnownFileType = sourcecode.swift; path = FENParser.swift; sourceTree = "<group>"; };
		A10002120000000000000001 /* ChineseNotation.swift */ = {isa = PBXFileReference; lastKnownFileType = sourcecode.swift; path = ChineseNotation.swift; sourceTree = "<group>"; };
		A10002130000000000000001 /* GameRecord.swift */ = {isa = PBXFileReference; lastKnownFileType = sourcecode.swift; path = GameRecord.swift; sourceTree = "<group>"; };
		A10002140000000000000001 /* ReplayControlView.swift */ = {isa = PBXFileReference; lastKnownFileType = sourcecode.swift; path = ReplayControlView.swift; sourceTree = "<group>"; };
		A10002150000000000000001 /* Puzzle.swift */ = {isa = PBXFileReference; lastKnownFileType = sourcecode.swift; path = Puzzle.swift; sourceTree = "<group>"; };
		A10002160000000000000001 /* PuzzleView.swift */ = {isa = PBXFileReference; lastKnownFileType = sourcecode.swift; path = PuzzleView.swift; sourceTree = "<group>"; };
/* End PBXFileReference section */

/* Begin PBXFrameworksBuildPhase section */
		A10003010000000000000001 /* Frameworks */ = {
			isa = PBXFrameworksBuildPhase;
			buildActionMask = 2147483647;
			files = (
			);
			runOnlyForDeploymentPostprocessing = 0;
		};
/* End PBXFrameworksBuildPhase section */

/* Begin PBXGroup section */
		A10004010000000000000001 = {
			isa = PBXGroup;
			children = (
				A10004020000000000000001 /* Xiangqi */,
				A10004050000000000000001 /* Products */,
			);
			sourceTree = "<group>";
		};
		A10004020000000000000001 /* Xiangqi */ = {
			isa = PBXGroup;
			children = (
				A10002010000000000000001 /* XiangqiApp.swift */,
				A10002020000000000000001 /* ContentView.swift */,
				A10004030000000000000001 /* Models */,
				A10004040000000000000001 /* Views */,
				A10002080000000000000001 /* Assets.xcassets */,
				A10002090000000000000001 /* Xiangqi.entitlements */,
			);
			path = Xiangqi;
			sourceTree = "<group>";
		};
		A10004030000000000000001 /* Models */ = {
			isa = PBXGroup;
			children = (
				A10002030000000000000001 /* Position.swift */,
				A10002040000000000000001 /* Piece.swift */,
				A10002050000000000000001 /* GameState.swift */,
				A10002110000000000000001 /* FENParser.swift */,
				A10002120000000000000001 /* ChineseNotation.swift */,
				A10002130000000000000001 /* GameRecord.swift */,
				A10002150000000000000001 /* Puzzle.swift */,
			);
			path = Models;
			sourceTree = "<group>";
		};
		A10004040000000000000001 /* Views */ = {
			isa = PBXGroup;
			children = (
				A10002060000000000000001 /* BoardView.swift */,
				A10002070000000000000001 /* PieceView.swift */,
				A10002140000000000000001 /* ReplayControlView.swift */,
				A10002160000000000000001 /* PuzzleView.swift */,
			);
			path = Views;
			sourceTree = "<group>";
		};
		A10004050000000000000001 /* Products */ = {
			isa = PBXGroup;
			children = (
				A10002100000000000000001 /* Xiangqi.app */,
			);
			name = Products;
			sourceTree = "<group>";
		};
/* End PBXGroup section */

/* Begin PBXNativeTarget section */
		A10005010000000000000001 /* Xiangqi */ = {
			isa = PBXNativeTarget;
			buildConfigurationList = A10007020000000000000001 /* Build configuration list for PBXNativeTarget "Xiangqi" */;
			buildPhases = (
				A10003020000000000000001 /* Sources */,
				A10003010000000000000001 /* Frameworks */,
				A10003030000000000000001 /* Resources */,
			);
			buildRules = (
			);
			dependencies = (
			);
			name = Xiangqi;
			productName = Xiangqi;
			productReference = A10002100000000000000001 /* Xiangqi.app */;
			productType = "com.apple.product-type.application";
		};
/* End PBXNativeTarget section */

/* Begin PBXProject section */
		A10006010000000000000001 /* Project object */ = {
			isa = PBXProject;
			attributes = {
				BuildIndependentTargetsInParallel = 1;
				LastSwiftUpdateCheck = 1500;
				LastUpgradeCheck = 1500;
				TargetAttributes = {
					A10005010000000000000001 = {
						CreatedOnToolsVersion = 15.0;
					};
				};
			};
			buildConfigurationList = A10007010000000000000001 /* Build configuration list for PBXProject "Xiangqi" */;
			compatibilityVersion = "Xcode 14.0";
			developmentRegion = "zh-Hans";
			hasScannedForEncodings = 0;
			knownRegions = (
				en,
				"zh-Hans",
				Base,
			);
			mainGroup = A10004010000000000000001;
			productRefGroup = A10004050000000000000001 /* Products */;
			projectDirPath = "";
			projectRoot = "";
			targets = (
				A10005010000000000000001 /* Xiangqi */,
			);
		};
/* End PBXProject section */

/* Begin PBXResourcesBuildPhase section */
		A10003030000000000000001 /* Resources */ = {
			isa = PBXResourcesBuildPhase;
			buildActionMask = 2147483647;
			files = (
				A10001080000000000000001 /* Assets.xcassets in Resources */,
			);
			runOnlyForDeploymentPostprocessing = 0;
		};
/* End PBXResourcesBuildPhase section */

/* Begin PBXSourcesBuildPhase section */
		A10003020000000000000001 /* Sources */ = {
			isa = PBXSourcesBuildPhase;
			buildActionMask = 2147483647;
			files = (
				A10001010000000000000001 /* XiangqiApp.swift in Sources */,
				A10001020000000000000001 /* ContentView.swift in Sources */,
				A10001030000000000000001 /* Position.swift in Sources */,
				A10001040000000000000001 /* Piece.swift in Sources */,
				A10001050000000000000001 /* GameState.swift in Sources */,
				A10001060000000000000001 /* BoardView.swift in Sources */,
				A10001070000000000000001 /* PieceView.swift in Sources */,
				A10001090000000000000001 /* FENParser.swift in Sources */,
				A10001100000000000000001 /* ChineseNotation.swift in Sources */,
				A10001110000000000000001 /* GameRecord.swift in Sources */,
				A10001120000000000000001 /* ReplayControlView.swift in Sources */,
				A10001130000000000000001 /* Puzzle.swift in Sources */,
				A10001140000000000000001 /* PuzzleView.swift in Sources */,
			);
			runOnlyForDeploymentPostprocessing = 0;
		};
/* End PBXSourcesBuildPhase section */

/* Begin XCBuildConfiguration section */
		A10008010000000000000001 /* Debug */ = {
			isa = XCBuildConfiguration;
			buildSettings = {
				ALWAYS_SEARCH_USER_PATHS = NO;
				ASSETCATALOG_COMPILER_GENERATE_SWIFT_ASSET_SYMBOL_EXTENSIONS = YES;
				CLANG_ANALYZER_NONNULL = YES;
				CLANG_ANALYZER_NUMBER_OBJECT_CONVERSION = YES_AGGRESSIVE;
				CLANG_CXX_LANGUAGE_STANDARD = "gnu++20";
				CLANG_ENABLE_MODULES = YES;
				CLANG_ENABLE_OBJC_ARC = YES;
				CLANG_ENABLE_OBJC_WEAK = YES;
				CLANG_WARN_BLOCK_CAPTURE_AUTORELEASING = YES;
				CLANG_WARN_BOOL_CONVERSION = YES;
				CLANG_WARN_COMMA = YES;
				CLANG_WARN_CONSTANT_CONVERSION = YES;
				CLANG_WARN_DEPRECATED_OBJC_IMPLEMENTATIONS = YES;
				CLANG_WARN_DIRECT_OBJC_ISA_USAGE = YES_ERROR;
				CLANG_WARN_DOCUMENTATION_COMMENTS = YES;
				CLANG_WARN_EMPTY_BODY = YES;
				CLANG_WARN_ENUM_CONVERSION = YES;
				CLANG_WARN_INFINITE_RECURSION = YES;
				CLANG_WARN_INT_CONVERSION = YES;
				CLANG_WARN_NON_LITERAL_NULL_CONVERSION = YES;
				CLANG_WARN_OBJC_IMPLICIT_RETAIN_SELF = YES;
				CLANG_WARN_OBJC_LITERAL_CONVERSION = YES;
				CLANG_WARN_OBJC_ROOT_CLASS = YES_ERROR;
				CLANG_WARN_QUOTED_INCLUDE_IN_FRAMEWORK_HEADER = YES;
				CLANG_WARN_RANGE_LOOP_ANALYSIS = YES;
				CLANG_WARN_STRICT_PROTOTYPES = YES;
				CLANG_WARN_SUSPICIOUS_MOVE = YES;
				CLANG_WARN_UNGUARDED_AVAILABILITY = YES_AGGRESSIVE;
				CLANG_WARN_UNREACHABLE_CODE = YES;
				CLANG_WARN__DUPLICATE_METHOD_MATCH = YES;
				COPY_PHASE_STRIP = NO;
				DEBUG_INFORMATION_FORMAT = dwarf;
				ENABLE_STRICT_OBJC_MSGSEND = YES;
				ENABLE_TESTABILITY = YES;
				ENABLE_USER_SCRIPT_SANDBOXING = YES;
				GCC_C_LANGUAGE_STANDARD = gnu17;
				GCC_DYNAMIC_NO_PIC = NO;
				GCC_NO_COMMON_BLOCKS = YES;
				GCC_OPTIMIZATION_LEVEL = 0;
				GCC_PREPROCESSOR_DEFINITIONS = (
					"DEBUG=1",
					"$(inherited)",
				);
				GCC_WARN_64_TO_32_BIT_CONVERSION = YES;
				GCC_WARN_ABOUT_RETURN_TYPE = YES_ERROR;
				GCC_WARN_UNDECLARED_SELECTOR = YES;
				GCC_WARN_UNINITIALIZED_AUTOS = YES_AGGRESSIVE;
				GCC_WARN_UNUSED_FUNCTION = YES;
				GCC_WARN_UNUSED_VARIABLE = YES;
				MACOSX_DEPLOYMENT_TARGET = 14.0;
				MTL_ENABLE_DEBUG_INFO = INCLUDE_SOURCE;
				MTL_FAST_MATH = YES;
				ONLY_ACTIVE_ARCH = YES;
				SDKROOT = macosx;
				SWIFT_ACTIVE_COMPILATION_CONDITIONS = "DEBUG $(inherited)";
				SWIFT_OPTIMIZATION_LEVEL = "-Onone";
			};
			name = Debug;
		};
		A10008020000000000000001 /* Release */ = {
			isa = XCBuildConfiguration;
			buildSettings = {
				ALWAYS_SEARCH_USER_PATHS = NO;
				ASSETCATALOG_COMPILER_GENERATE_SWIFT_ASSET_SYMBOL_EXTENSIONS = YES;
				CLANG_ANALYZER_NONNULL = YES;
				CLANG_ANALYZER_NUMBER_OBJECT_CONVERSION = YES_AGGRESSIVE;
				CLANG_CXX_LANGUAGE_STANDARD = "gnu++20";
				CLANG_ENABLE_MODULES = YES;
				CLANG_ENABLE_OBJC_ARC = YES;
				CLANG_ENABLE_OBJC_WEAK = YES;
				CLANG_WARN_BLOCK_CAPTURE_AUTORELEASING = YES;
				CLANG_WARN_BOOL_CONVERSION = YES;
				CLANG_WARN_COMMA = YES;
				CLANG_WARN_CONSTANT_CONVERSION = YES;
				CLANG_WARN_DEPRECATED_OBJC_IMPLEMENTATIONS = YES;
				CLANG_WARN_DIRECT_OBJC_ISA_USAGE = YES_ERROR;
				CLANG_WARN_DOCUMENTATION_COMMENTS = YES;
				CLANG_WARN_EMPTY_BODY = YES;
				CLANG_WARN_ENUM_CONVERSION = YES;
				CLANG_WARN_INFINITE_RECURSION = YES;
				CLANG_WARN_INT_CONVERSION = YES;
				CLANG_WARN_NON_LITERAL_NULL_CONVERSION = YES;
				CLANG_WARN_OBJC_IMPLICIT_RETAIN_SELF = YES;
				CLANG_WARN_OBJC_LITERAL_CONVERSION = YES;
				CLANG_WARN_OBJC_ROOT_CLASS = YES_ERROR;
				CLANG_WARN_QUOTED_INCLUDE_IN_FRAMEWORK_HEADER = YES;
				CLANG_WARN_RANGE_LOOP_ANALYSIS = YES;
				CLANG_WARN_STRICT_PROTOTYPES = YES;
				CLANG_WARN_SUSPICIOUS_MOVE = YES;
				CLANG_WARN_UNGUARDED_AVAILABILITY = YES_AGGRESSIVE;
				CLANG_WARN_UNREACHABLE_CODE = YES;
				CLANG_WARN__DUPLICATE_METHOD_MATCH = YES;
				COPY_PHASE_STRIP = NO;
				DEBUG_INFORMATION_FORMAT = "dwarf-with-dsym";
				ENABLE_NS_ASSERTIONS = NO;
				ENABLE_STRICT_OBJC_MSGSEND = YES;
				ENABLE_USER_SCRIPT_SANDBOXING = YES;
				GCC_C_LANGUAGE_STANDARD = gnu17;
				GCC_NO_COMMON_BLOCKS = YES;
				GCC_WARN_64_TO_32_BIT_CONVERSION = YES;
				GCC_WARN_ABOUT_RETURN_TYPE = YES_ERROR;
				GCC_WARN_UNDECLARED_SELECTOR = YES;
				GCC_WARN_UNINITIALIZED_AUTOS = YES_AGGRESSIVE;
				GCC_WARN_UNUSED_FUNCTION = YES;
				GCC_WARN_UNUSED_VARIABLE = YES;
				MACOSX_DEPLOYMENT_TARGET = 14.0;
				MTL_ENABLE_DEBUG_INFO = NO;
				MTL_FAST_MATH = YES;
				SDKROOT = macosx;
				SWIFT_COMPILATION_MODE = wholemodule;
			};
			name = Release;
		};
		A10008030000000000000001 /* Debug */ = {
			isa = XCBuildConfiguration;
			buildSettings = {
				ASSETCATALOG_COMPILER_APPICON_NAME = AppIcon;
				ASSETCATALOG_COMPILER_GLOBAL_ACCENT_COLOR_NAME = AccentColor;
				CODE_SIGN_ENTITLEMENTS = Xiangqi/Xiangqi.entitlements;
				"CODE_SIGN_IDENTITY[sdk=macosx*]" = "-";
				CODE_SIGN_STYLE = Automatic;
				COMBINE_HIDPI_IMAGES = YES;
				CURRENT_PROJECT_VERSION = 1;
				DEVELOPMENT_TEAM = "";
				ENABLE_HARDENED_RUNTIME = YES;
				GENERATE_INFOPLIST_FILE = YES;
				INFOPLIST_KEY_CFBundleDisplayName = "象棋";
				INFOPLIST_KEY_NSHumanReadableCopyright = "";
				INFOPLIST_KEY_NSMainStoryboardFile = "";
				INFOPLIST_KEY_NSPrincipalClass = NSApplication;
				LD_RUNPATH_SEARCH_PATHS = (
					"$(inherited)",
					"@executable_path/../Frameworks",
				);
				MARKETING_VERSION = 1.0;
				PRODUCT_BUNDLE_IDENTIFIER = com.xiangqi.app;
				PRODUCT_NAME = "$(TARGET_NAME)";
				SWIFT_EMIT_LOC_STRINGS = YES;
				SWIFT_VERSION = 5.0;
			};
			name = Debug;
		};
		A10008040000000000000001 /* Release */ = {
			isa = XCBuildConfiguration;
			buildSettings = {
				ASSETCATALOG_COMPILER_APPICON_NAME = AppIcon;
				ASSETCATALOG_COMPILER_GLOBAL_ACCENT_COLOR_NAME = AccentColor;
				CODE_SIGN_ENTITLEMENTS = Xiangqi/Xiangqi.entitlements;
				"CODE_SIGN_IDENTITY[sdk=macosx*]" = "-";
				CODE_SIGN_STYLE = Automatic;
				COMBINE_HIDPI_IMAGES = YES;
				CURRENT_PROJECT_VERSION = 1;
				DEVELOPMENT_TEAM = "";
				ENABLE_HARDENED_RUNTIME = YES;
				GENERATE_INFOPLIST_FILE = YES;
				INFOPLIST_KEY_CFBundleDisplayName = "象棋";
				INFOPLIST_KEY_NSHumanReadableCopyright = "";
				INFOPLIST_KEY_NSMainStoryboardFile = "";
				INFOPLIST_KEY_NSPrincipalClass = NSApplication;
				LD_RUNPATH_SEARCH_PATHS = (
					"$(inherited)",
					"@executable_path/../Frameworks",
				);
				MARKETING_VERSION = 1.0;
				PRODUCT_BUNDLE_IDENTIFIER = com.xiangqi.app;
				PRODUCT_NAME = "$(TARGET_NAME)";
				SWIFT_EMIT_LOC_STRINGS = YES;
				SWIFT_VERSION = 5.0;
			};
			name = Release;
		};
/* End XCBuildConfiguration section */

/* Begin XCConfigurationList section */
		A10007010000000000000001 /* Build configuration list for PBXProject "Xiangqi" */ = {
			isa = XCConfigurationList;
			buildConfigurations = (
				A10008010000000000000001 /* Debug */,
				A10008020000000000000001 /* Release */,
			);
			defaultConfigurationIsVisible = 0;
			defaultConfigurationName = Release;
		};
		A10007020000000000000001 /* Build configuration list for PBXNativeTarget "Xiangqi" */ = {
			isa = XCConfigurationList;
			buildConfigurations = (
				A10008030000000000000001 /* Debug */,
				A10008040000000000000001 /* Release */,
			);
			defaultConfigurationIsVisible = 0;
			defaultConfigurationName = Release;
		};
/* End XCConfigurationList section */

	};
	rootObject = A10006010000000000000001 /* Project object */;
}
